<?xml version="1.0" encoding="utf-8"?>
<Project ToolsVersion="4.0" xmlns="http://schemas.microsoft.com/developer/msbuild/2003">
  <ItemGroup>
    <Filter Include="Source Files">
      <UniqueIdentifier>{4FC737F1-C7A5-4376-A066-2A32D752A2FF}</UniqueIdentifier>
      <Extensions>cpp;c;cc;cxx;c++;cppm;ixx;def;odl;idl;hpj;bat;asm;asmx</Extensions>
    </Filter>
    <Filter Include="Header Files">
      <UniqueIdentifier>{93995380-89BD-4b04-88EB-625FBE52EBFB}</UniqueIdentifier>
      <Extensions>h;hh;hpp;hxx;h++;hm;inl;inc;ipp;xsd</Extensions>
    </Filter>
    <Filter Include="Resource Files">
      <UniqueIdentifier>{67DA6AB6-F800-4c08-8B7A-83BB121AAD01}</UniqueIdentifier>
      <Extensions>rc;ico;cur;bmp;dlg;rc2;rct;bin;rgs;gif;jpg;jpeg;jpe;resx;tiff;tif;png;wav;mfcribbon-ms</Extensions>
    </Filter>
  </ItemGroup>
  <ItemGroup>
    <ClInclude Include="DataStructures\Stack\ArrayStack.h">
      <Filter>Header Files</Filter>
    </ClInclude>
    <ClInclude Include="DataStructures\Stack\StackADT.h">
      <Filter>Header Files</Filter>
    </ClInclude>
    <ClInclude Include="DataStructures\Queue\LinkedQueue.h">
      <Filter>Header Files</Filter>
    </ClInclude>
    <ClInclude Include="DataStructures\Queue\Node.h">
      <Filter>Header Files</Filter>
    </ClInclude>
    <ClInclude Include="DataStructures\Queue\QueueADT.h">
      <Filter>Header Files</Filter>
    </ClInclude>
    <ClInclude Include="DataStructures\Pri-Queue\priNode.h">
      <Filter>Header Files</Filter>
    </ClInclude>
    <ClInclude Include="DataStructures\Pri-Queue\priQueue.h">
      <Filter>Header Files</Filter>
    </ClInclude>
    <ClInclude Include="Units\AlienUnits\AlienDrone.h">
      <Filter>Header Files</Filter>
    </ClInclude>
    <ClInclude Include="Units\AlienUnits\AlienMonster.h">
      <Filter>Header Files</Filter>
    </ClInclude>
    <ClInclude Include="Armies\AlienArmy\AlienArmy.h">
      <Filter>Header Files</Filter>
    </ClInclude>
    <ClInclude Include="Units\AlienUnits\AlienSoldier.h">
      <Filter>Header Files</Filter>
    </ClInclude>
    <ClInclude Include="Armies\Army.h">
      <Filter>Header Files</Filter>
    </ClInclude>
    <ClInclude Include="Units\EarthUnits\EarthGunnery.h">
      <Filter>Header Files</Filter>
    </ClInclude>
    <ClInclude Include="Units\EarthUnits\EarthSoldier.h">
      <Filter>Header Files</Filter>
    </ClInclude>
    <ClInclude Include="Units\EarthUnits\EarthTank.h">
      <Filter>Header Files</Filter>
    </ClInclude>
    <ClInclude Include="Game.h">
      <Filter>Header Files</Filter>
    </ClInclude>
    <ClInclude Include="randGen.h">
      <Filter>Header Files</Filter>
    </ClInclude>
    <ClInclude Include="Armies\EarthArmy\EarthArmy.h">
      <Filter>Header Files</Filter>
    </ClInclude>
    <ClInclude Include="DataStructures\arrayADT\arrayADT.h">
      <Filter>Header Files</Filter>
    </ClInclude>
    <ClInclude Include="Units\EarthUnits\HealingUnit.h">
      <Filter>Header Files</Filter>
    </ClInclude>
    <ClInclude Include="Armies\AllyArmy\AllyArmy.h">
      <Filter>Header Files</Filter>
    </ClInclude>
    <ClInclude Include="Units\SaverUints\SaverUnit.h">
      <Filter>Header Files</Filter>
    </ClInclude>
  </ItemGroup>
  <ItemGroup>
    <ClCompile Include="Units\AlienUnits\AlienDrone.cpp">
      <Filter>Source Files</Filter>
    </ClCompile>
    <ClCompile Include="Units\AlienUnits\AlienMonster.cpp">
      <Filter>Source Files</Filter>
    </ClCompile>
    <ClCompile Include="Armies\AlienArmy\AlienArmy.cpp">
      <Filter>Source Files</Filter>
    </ClCompile>
    <ClCompile Include="Units\Unit.h">
      <Filter>Header Files</Filter>
    </ClCompile>
    <ClCompile Include="Units\Unit.cpp">
      <Filter>Source Files</Filter>
    </ClCompile>
    <ClCompile Include="Units\AlienUnits\AlienSoldier.cpp">
      <Filter>Source Files</Filter>
    </ClCompile>
    <ClCompile Include="main.cpp">
      <Filter>Source Files</Filter>
    </ClCompile>
    <ClCompile Include="Armies\Army.cpp">
      <Filter>Source Files</Filter>
    </ClCompile>
    <ClCompile Include="Units\EarthUnits\EarthGunnery.cpp">
      <Filter>Source Files</Filter>
    </ClCompile>
    <ClCompile Include="Units\EarthUnits\EarthSoldier.cpp">
      <Filter>Source Files</Filter>
    </ClCompile>
    <ClCompile Include="Units\EarthUnits\EarthTank.cpp">
      <Filter>Source Files</Filter>
    </ClCompile>
    <ClCompile Include="Game.cpp">
      <Filter>Source Files</Filter>
    </ClCompile>
    <ClCompile Include="randGen.cpp">
      <Filter>Source Files</Filter>
    </ClCompile>
    <ClCompile Include="Armies\EarthArmy\EarthArmy.cpp">
      <Filter>Source Files</Filter>
    </ClCompile>
    <ClCompile Include="Units\EarthUnits\HealingUnit.cpp">
      <Filter>Source Files</Filter>
    </ClCompile>
    <ClCompile Include="Armies\AllyArmy\AllyArmy.cpp">
      <Filter>Source Files</Filter>
    </ClCompile>
    <ClCompile Include="Units\SaverUints\SaverUnit.cpp">
      <Filter>Source Files</Filter>
    </ClCompile>
  </ItemGroup>
</Project>